// !$*UTF8*$!
{
	archiveVersion = 1;
	classes = {
	};
	objectVersion = 46;
	objects = {

/* Begin PBXBuildFile section */
		3FDAC1091C7E9D140023908C /* main.m in Sources */ = {isa = PBXBuildFile; fileRef = 3FDAC1081C7E9D140023908C /* main.m */; };
		3FDAC10C1C7E9D140023908C /* AppDelegate.m in Sources */ = {isa = PBXBuildFile; fileRef = 3FDAC10B1C7E9D140023908C /* AppDelegate.m */; };
		3FDAC10F1C7E9D140023908C /* ViewController.m in Sources */ = {isa = PBXBuildFile; fileRef = 3FDAC10E1C7E9D140023908C /* ViewController.m */; };
		3FDAC1121C7E9D140023908C /* Main.storyboard in Resources */ = {isa = PBXBuildFile; fileRef = 3FDAC1101C7E9D140023908C /* Main.storyboard */; };
		3FDAC1141C7E9D140023908C /* Assets.xcassets in Resources */ = {isa = PBXBuildFile; fileRef = 3FDAC1131C7E9D140023908C /* Assets.xcassets */; };
		3FDAC1171C7E9D140023908C /* LaunchScreen.storyboard in Resources */ = {isa = PBXBuildFile; fileRef = 3FDAC1151C7E9D140023908C /* LaunchScreen.storyboard */; };
		3FDAC1201C7E9D5C0023908C /* LWXScrollView.m in Sources */ = {isa = PBXBuildFile; fileRef = 3FDAC11F1C7E9D5C0023908C /* LWXScrollView.m */; };
		3FDAC1251C7EE1E30023908C /* walkthrough_1.jpg in Resources */ = {isa = PBXBuildFile; fileRef = 3FDAC1211C7EE1E30023908C /* walkthrough_1.jpg */; };
		3FDAC1261C7EE1E30023908C /* walkthrough_2.jpg in Resources */ = {isa = PBXBuildFile; fileRef = 3FDAC1221C7EE1E30023908C /* walkthrough_2.jpg */; };
		3FDAC1271C7EE1E30023908C /* walkthrough_3.jpg in Resources */ = {isa = PBXBuildFile; fileRef = 3FDAC1231C7EE1E30023908C /* walkthrough_3.jpg */; };
		3FDAC1281C7EE1E30023908C /* walkthrough_4.jpg in Resources */ = {isa = PBXBuildFile; fileRef = 3FDAC1241C7EE1E30023908C /* walkthrough_4.jpg */; };
/* End PBXBuildFile section */

/* Begin PBXFileReference section */
		3FDAC1041C7E9D130023908C /* ScrollViewDemo.app */ = {isa = PBXFileReference; explicitFileType = wrapper.application; includeInIndex = 0; path = ScrollViewDemo.app; sourceTree = BUILT_PRODUCTS_DIR; };
		3FDAC1081C7E9D140023908C /* main.m */ = {isa = PBXFileReference; lastKnownFileType = sourcecode.c.objc; path = main.m; sourceTree = "<group>"; };
		3FDAC10A1C7E9D140023908C /* AppDelegate.h */ = {isa = PBXFileReference; lastKnownFileType = sourcecode.c.h; path = AppDelegate.h; sourceTree = "<group>"; };
		3FDAC10B1C7E9D140023908C /* AppDelegate.m */ = {isa = PBXFileReference; lastKnownFileType = sourcecode.c.objc; path = AppDelegate.m; sourceTree = "<group>"; };
		3FDAC10D1C7E9D140023908C /* ViewController.h */ = {isa = PBXFileReference; lastKnownFileType = sourcecode.c.h; path = ViewController.h; sourceTree = "<group>"; };
		3FDAC10E1C7E9D140023908C /* ViewController.m */ = {isa = PBXFileReference; lastKnownFileType = sourcecode.c.objc; path = ViewController.m; sourceTree = "<group>"; };
		3FDAC1111C7E9D140023908C /* Base */ = {isa = PBXFileReference; lastKnownFileType = file.storyboard; name = Base; path = Base.lproj/Main.storyboard; sourceTree = "<group>"; };
		3FDAC1131C7E9D140023908C /* Assets.xcassets */ = {isa = PBXFileReference; lastKnownFileType = folder.assetcatalog; path = Assets.xcassets; sourceTree = "<group>"; };
		3FDAC1161C7E9D140023908C /* Base */ = {isa = PBXFileReference; lastKnownFileType = file.storyboard; name = Base; path = Base.lproj/LaunchScreen.storyboard; sourceTree = "<group>"; };
		3FDAC1181C7E9D140023908C /* Info.plist */ = {isa = PBXFileReference; lastKnownFileType = text.plist.xml; path = Info.plist; sourceTree = "<group>"; };
		3FDAC11E1C7E9D5C0023908C /* LWXScrollView.h */ = {isa = PBXFileReference; fileEncoding = 4; lastKnownFileType = sourcecode.c.h; path = LWXScrollView.h; sourceTree = "<group>"; };
		3FDAC11F1C7E9D5C0023908C /* LWXScrollView.m */ = {isa = PBXFileReference; fileEncoding = 4; lastKnownFileType = sourcecode.c.objc; path = LWXScrollView.m; sourceTree = "<group>"; };
		3FDAC1211C7EE1E30023908C /* walkthrough_1.jpg */ = {isa = PBXFileReference; lastKnownFileType = image.jpeg; path = walkthrough_1.jpg; sourceTree = "<group>"; };
		3FDAC1221C7EE1E30023908C /* walkthrough_2.jpg */ = {isa = PBXFileReference; lastKnownFileType = image.jpeg; path = walkthrough_2.jpg; sourceTree = "<group>"; };
		3FDAC1231C7EE1E30023908C /* walkthrough_3.jpg */ = {isa = PBXFileReference; lastKnownFileType = image.jpeg; path = walkthrough_3.jpg; sourceTree = "<group>"; };
		3FDAC1241C7EE1E30023908C /* walkthrough_4.jpg */ = {isa = PBXFileReference; lastKnownFileType = image.jpeg; path = walkthrough_4.jpg; sourceTree = "<group>"; };
/* End PBXFileReference section */

/* Begin PBXFrameworksBuildPhase section */
		3FDAC1011C7E9D130023908C /* Frameworks */ = {
			isa = PBXFrameworksBuildPhase;
			buildActionMask = 2147483647;
			files = (
			);
			runOnlyForDeploymentPostprocessing = 0;
		};
/* End PBXFrameworksBuildPhase section */

/* Begin PBXGroup section */
		3FDAC0FB1C7E9D130023908C = {
			isa = PBXGroup;
			children = (
				3FDAC1061C7E9D130023908C /* ScrollViewDemo */,
				3FDAC1051C7E9D130023908C /* Products */,
			);
			sourceTree = "<group>";
		};
		3FDAC1051C7E9D130023908C /* Products */ = {
			isa = PBXGroup;
			children = (
				3FDAC1041C7E9D130023908C /* ScrollViewDemo.app */,
			);
			name = Products;
			sourceTree = "<group>";
		};
		3FDAC1061C7E9D130023908C /* ScrollViewDemo */ = {
			isa = PBXGroup;
			children = (
				3FDAC10A1C7E9D140023908C /* AppDelegate.h */,
				3FDAC1211C7EE1E30023908C /* walkthrough_1.jpg */,
				3FDAC1221C7EE1E30023908C /* walkthrough_2.jpg */,
				3FDAC1231C7EE1E30023908C /* walkthrough_3.jpg */,
				3FDAC1241C7EE1E30023908C /* walkthrough_4.jpg */,
				3FDAC10B1C7E9D140023908C /* AppDelegate.m */,
				3FDAC10D1C7E9D140023908C /* ViewController.h */,
				3FDAC10E1C7E9D140023908C /* ViewController.m */,
				3FDAC11E1C7E9D5C0023908C /* LWXScrollView.h */,
				3FDAC11F1C7E9D5C0023908C /* LWXScrollView.m */,
				3FDAC1101C7E9D140023908C /* Main.storyboard */,
				3FDAC1131C7E9D140023908C /* Assets.xcassets */,
				3FDAC1151C7E9D140023908C /* LaunchScreen.storyboard */,
				3FDAC1181C7E9D140023908C /* Info.plist */,
				3FDAC1071C7E9D130023908C /* Supporting Files */,
			);
			path = ScrollViewDemo;
			sourceTree = "<group>";
		};
		3FDAC1071C7E9D130023908C /* Supporting Files */ = {
			isa = PBXGroup;
			children = (
				3FDAC1081C7E9D140023908C /* main.m */,
			);
			name = "Supporting Files";
			sourceTree = "<group>";
		};
/* End PBXGroup section */

/* Begin PBXNativeTarget section */
		3FDAC1031C7E9D130023908C /* ScrollViewDemo */ = {
			isa = PBXNativeTarget;
			buildConfigurationList = 3FDAC11B1C7E9D140023908C /* Build configuration list for PBXNativeTarget "ScrollViewDemo" */;
			buildPhases = (
				3FDAC1001C7E9D130023908C /* Sources */,
				3FDAC1011C7E9D130023908C /* Frameworks */,
				3FDAC1021C7E9D130023908C /* Resources */,
			);
			buildRules = (
			);
			dependencies = (
			);
			name = ScrollViewDemo;
			productName = ScrollViewDemo;
			productReference = 3FDAC1041C7E9D130023908C /* ScrollViewDemo.app */;
			productType = "com.apple.product-type.application";
		};
/* End PBXNativeTarget section */

/* Begin PBXProject section */
		3FDAC0FC1C7E9D130023908C /* Project object */ = {
			isa = PBXProject;
			attributes = {
				LastUpgradeCheck = 0710;
				ORGANIZATIONNAME = student;
				TargetAttributes = {
					3FDAC1031C7E9D130023908C = {
						CreatedOnToolsVersion = 7.1;
						DevelopmentTeam = 6SPCAT2DXS;
					};
				};
			};
			buildConfigurationList = 3FDAC0FF1C7E9D130023908C /* Build configuration list for PBXProject "ScrollViewDemo" */;
			compatibilityVersion = "Xcode 3.2";
			developmentRegion = English;
			hasScannedForEncodings = 0;
			knownRegions = (
				en,
				Base,
			);
			mainGroup = 3FDAC0FB1C7E9D130023908C;
			productRefGroup = 3FDAC1051C7E9D130023908C /* Products */;
			projectDirPath = "";
			projectRoot = "";
			targets = (
				3FDAC1031C7E9D130023908C /* ScrollViewDemo */,
			);
		};
/* End PBXProject section */

/* Begin PBXResourcesBuildPhase section */
		3FDAC1021C7E9D130023908C /* Resources */ = {
			isa = PBXResourcesBuildPhase;
			buildActionMask = 2147483647;
			files = (
				3FDAC1261C7EE1E30023908C /* walkthrough_2.jpg in Resources */,
				3FDAC1251C7EE1E30023908C /* walkthrough_1.jpg in Resources */,
				3FDAC1171C7E9D140023908C /* LaunchScreen.storyboard in Resources */,
				3FDAC1141C7E9D140023908C /* Assets.xcassets in Resources */,
				3FDAC1271C7EE1E30023908C /* walkthrough_3.jpg in Resources */,
				3FDAC1281C7EE1E30023908C /* walkthrough_4.jpg in Resources */,
				3FDAC1121C7E9D140023908C /* Main.storyboard in Resources */,
			);
			runOnlyForDeploymentPostprocessing = 0;
		};
/* End PBXResourcesBuildPhase section */

/* Begin PBXSourcesBuildPhase section */
		3FDAC1001C7E9D130023908C /* Sources */ = {
			isa = PBXSourcesBuildPhase;
			buildActionMask = 2147483647;
			files = (
				3FDAC10F1C7E9D140023908C /* ViewController.m in Sources */,
				3FDAC10C1C7E9D140023908C /* AppDelegate.m in Sources */,
				3FDAC1091C7E9D140023908C /* main.m in Sources */,
				3FDAC1201C7E9D5C0023908C /* LWXScrollView.m in Sources */,
			);
			runOnlyForDeploymentPostprocessing = 0;
		};
/* End PBXSourcesBuildPhase section */

/* Begin PBXVariantGroup section */
		3FDAC1101C7E9D140023908C /* Main.storyboard */ = {
			isa = PBXVariantGroup;
			children = (
				3FDAC1111C7E9D140023908C /* Base */,
			);
			name = Main.storyboard;
			sourceTree = "<group>";
		};
		3FDAC1151C7E9D140023908C /* LaunchScreen.storyboard */ = {
			isa = PBXVariantGroup;
			children = (
				3FDAC1161C7E9D140023908C /* Base */,
			);
			name = LaunchScreen.storyboard;
			sourceTree = "<group>";
		};
/* End PBXVariantGroup section */

/* Begin XCBuildConfiguration section */
		3FDAC1191C7E9D140023908C /* Debug */ = {
			isa = XCBuildConfiguration;
			buildSettings = {
				ALWAYS_SEARCH_USER_PATHS = NO;
				CLANG_CXX_LANGUAGE_STANDARD = "gnu++0x";
				CLANG_CXX_LIBRARY = "libc++";
				CLANG_ENABLE_MODULES = YES;
				CLANG_ENABLE_OBJC_ARC = YES;
				CLANG_WARN_BOOL_CONVERSION = YES;
				CLANG_WARN_CONSTANT_CONVERSION = YES;
				CLANG_WARN_DIRECT_OBJC_ISA_USAGE = YES_ERROR;
				CLANG_WARN_EMPTY_BODY = YES;
				CLANG_WARN_ENUM_CONVERSION = YES;
				CLANG_WARN_INT_CONVERSION = YES;
				CLANG_WARN_OBJC_ROOT_CLASS = YES_ERROR;
				CLANG_WARN_UNREACHABLE_CODE = YES;
				CLANG_WARN__DUPLICATE_METHOD_MATCH = YES;
				"CODE_SIGN_IDENTITY[sdk=iphoneos*]" = "iPhone Developer";
				COPY_PHASE_STRIP = NO;
				DEBUG_INFORMATION_FORMAT = dwarf;
				ENABLE_STRICT_OBJC_MSGSEND = YES;
				ENABLE_TESTABILITY = YES;
				GCC_C_LANGUAGE_STANDARD = gnu99;
				GCC_DYNAMIC_NO_PIC = NO;
				GCC_NO_COMMON_BLOCKS = YES;
				GCC_OPTIMIZATION_LEVEL = 0;
				GCC_PREPROCESSOR_DEFINITIONS = (
					"DEBUG=1",
					"$(inherited)",
				);
				GCC_WARN_64_TO_32_BIT_CONVERSION = YES;
				GCC_WARN_ABOUT_RETURN_TYPE = YES_ERROR;
				GCC_WARN_UNDECLARED_SELECTOR = YES;
				GCC_WARN_UNINITIALIZED_AUTOS = YES_AGGRESSIVE;
				GCC_WARN_UNUSED_FUNCTION = YES;
				GCC_WARN_UNUSED_VARIABLE = YES;
				IPHONEOS_DEPLOYMENT_TARGET = 9.1;
				MTL_ENABLE_DEBUG_INFO = YES;
				ONLY_ACTIVE_ARCH = YES;
				SDKROOT = iphoneos;
				TARGETED_DEVICE_FAMILY = "1,2";
			};
			name = Debug;
		};
		3FDAC11A1C7E9D140023908C /* Release */ = {
			isa = XCBuildConfiguration;
			buildSettings = {
				ALWAYS_SEARCH_USER_PATHS = NO;
				CLANG_CXX_LANGUAGE_STANDARD = "gnu++0x";
				CLANG_CXX_LIBRARY = "libc++";
				CLANG_ENABLE_MODULES = YES;
				CLANG_ENABLE_OBJC_ARC = YES;
				CLANG_WARN_BOOL_CONVERSION = YES;
				CLANG_WARN_CONSTANT_CONVERSION = YES;
				CLANG_WARN_DIRECT_OBJC_ISA_USAGE = YES_ERROR;
				CLANG_WARN_EMPTY_BODY = YES;
				CLANG_WARN_ENUM_CONVERSION = YES;
				CLANG_WARN_INT_CONVERSION = YES;
				CLANG_WARN_OBJC_ROOT_CLASS = YES_ERROR;
				CLANG_WARN_UNREACHABLE_CODE = YES;
				CLANG_WARN__DUPLICATE_METHOD_MATCH = YES;
				"CODE_SIGN_IDENTITY[sdk=iphoneos*]" = "iPhone Developer";
				COPY_PHASE_STRIP = NO;
				DEBUG_INFORMATION_FORMAT = "dwarf-with-dsym";
				ENABLE_NS_ASSERTIONS = NO;
				ENABLE_STRICT_OBJC_MSGSEND = YES;
				GCC_C_LANGUAGE_STANDARD = gnu99;
				GCC_NO_COMMON_BLOCKS = YES;
				GCC_WARN_64_TO_32_BIT_CONVERSION = YES;
				GCC_WARN_ABOUT_RETURN_TYPE = YES_ERROR;
				GCC_WARN_UNDECLARED_SELECTOR = YES;
				GCC_WARN_UNINITIALIZED_AUTOS = YES_AGGRESSIVE;
				GCC_WARN_UNUSED_FUNCTION = YES;
				GCC_WARN_UNUSED_VARIABLE = YES;
				IPHONEOS_DEPLOYMENT_TARGET = 9.1;
				MTL_ENABLE_DEBUG_INFO = NO;
				SDKROOT = iphoneos;
				TARGETED_DEVICE_FAMILY = "1,2";
				VALIDATE_PRODUCT = YES;
			};
			name = Release;
		};
		3FDAC11C1C7E9D140023908C /* Debug */ = {
			isa = XCBuildConfiguration;
			buildSettings = {
				ASSETCATALOG_COMPILER_APPICON_NAME = AppIcon;
				INFOPLIST_FILE = ScrollViewDemo/Info.plist;
				LD_RUNPATH_SEARCH_PATHS = "$(inherited) @executable_path/Frameworks";
				PRODUCT_BUNDLE_IDENTIFIER = h.ScrollViewDemo;
				PRODUCT_NAME = "$(TARGET_NAME)";
			};
			name = Debug;
		};
		3FDAC11D1C7E9D140023908C /* Release */ = {
			isa = XCBuildConfiguration;
			buildSettings = {
				ASSETCATALOG_COMPILER_APPICON_NAME = AppIcon;
				INFOPLIST_FILE = ScrollViewDemo/Info.plist;
				LD_RUNPATH_SEARCH_PATHS = "$(inherited) @executable_path/Frameworks";
				PRODUCT_BUNDLE_IDENTIFIER = h.ScrollViewDemo;
				PRODUCT_NAME = "$(TARGET_NAME)";
			};
			name = Release;
		};
/* End XCBuildConfiguration section */

/* Begin XCConfigurationList section */
		3FDAC0FF1C7E9D130023908C /* Build configuration list for PBXProject "ScrollViewDemo" */ = {
			isa = XCConfigurationList;
			buildConfigurations = (
				3FDAC1191C7E9D140023908C /* Debug */,
				3FDAC11A1C7E9D140023908C /* Release */,
			);
			defaultConfigurationIsVisible = 0;
			defaultConfigurationName = Release;
		};
		3FDAC11B1C7E9D140023908C /* Build configuration list for PBXNativeTarget "ScrollViewDemo" */ = {
			isa = XCConfigurationList;
			buildConfigurations = (
				3FDAC11C1C7E9D140023908C /* Debug */,
				3FDAC11D1C7E9D140023908C /* Release */,
			);
			defaultConfigurationIsVisible = 0;
		};
/* End XCConfigurationList section */
	};
	rootObject = 3FDAC0FC1C7E9D130023908C /* Project object */;
}
